// !$*UTF8*$!
{
	archiveVersion = 1;
	classes = {
	};
	objectVersion = 46;
	objects = {

/* Begin PBXBuildFile section */
		400B202016BB53D4003A9B3E /* UIKit.framework in Frameworks */ = {isa = PBXBuildFile; fileRef = 400B201F16BB53D4003A9B3E /* UIKit.framework */; };
		400B202216BB53D4003A9B3E /* Foundation.framework in Frameworks */ = {isa = PBXBuildFile; fileRef = 400B202116BB53D4003A9B3E /* Foundation.framework */; };
		400B202416BB53D4003A9B3E /* CoreGraphics.framework in Frameworks */ = {isa = PBXBuildFile; fileRef = 400B202316BB53D4003A9B3E /* CoreGraphics.framework */; };
		400B202A16BB53D4003A9B3E /* InfoPlist.strings in Resources */ = {isa = PBXBuildFile; fileRef = 400B202816BB53D4003A9B3E /* InfoPlist.strings */; };
		400B202C16BB53D4003A9B3E /* main.m in Sources */ = {isa = PBXBuildFile; fileRef = 400B202B16BB53D4003A9B3E /* main.m */; };
		400B203016BB53D4003A9B3E /* AppDelegate.m in Sources */ = {isa = PBXBuildFile; fileRef = 400B202F16BB53D4003A9B3E /* AppDelegate.m */; };
		400B203216BB53D4003A9B3E /* Default.png in Resources */ = {isa = PBXBuildFile; fileRef = 400B203116BB53D4003A9B3E /* Default.png */; };
		400B203416BB53D4003A9B3E /* Default@2x.png in Resources */ = {isa = PBXBuildFile; fileRef = 400B203316BB53D4003A9B3E /* Default@2x.png */; };
		400B203616BB53D4003A9B3E /* Default-568h@2x.png in Resources */ = {isa = PBXBuildFile; fileRef = 400B203516BB53D4003A9B3E /* Default-568h@2x.png */; };
		400B203916BB53D4003A9B3E /* ViewController.m in Sources */ = {isa = PBXBuildFile; fileRef = 400B203816BB53D4003A9B3E /* ViewController.m */; };
		400B203C16BB53D4003A9B3E /* ViewController.xib in Resources */ = {isa = PBXBuildFile; fileRef = 400B203A16BB53D4003A9B3E /* ViewController.xib */; };
/* End PBXBuildFile section */

/* Begin PBXFileReference section */
		400B201B16BB53D4003A9B3E /* Tickl.Me.app */ = {isa = PBXFileReference; explicitFileType = wrapper.application; includeInIndex = 0; path = Tickl.Me.app; sourceTree = BUILT_PRODUCTS_DIR; };
		400B201F16BB53D4003A9B3E /* UIKit.framework */ = {isa = PBXFileReference; lastKnownFileType = wrapper.framework; name = UIKit.framework; path = System/Library/Frameworks/UIKit.framework; sourceTree = SDKROOT; };
		400B202116BB53D4003A9B3E /* Foundation.framework */ = {isa = PBXFileReference; lastKnownFileType = wrapper.framework; name = Foundation.framework; path = System/Library/Frameworks/Foundation.framework; sourceTree = SDKROOT; };
		400B202316BB53D4003A9B3E /* CoreGraphics.framework */ = {isa = PBXFileReference; lastKnownFileType = wrapper.framework; name = CoreGraphics.framework; path = System/Library/Frameworks/CoreGraphics.framework; sourceTree = SDKROOT; };
		400B202716BB53D4003A9B3E /* Tickl.Me-Info.plist */ = {isa = PBXFileReference; lastKnownFileType = text.plist.xml; path = "Tickl.Me-Info.plist"; sourceTree = "<group>"; };
		400B202916BB53D4003A9B3E /* en */ = {isa = PBXFileReference; lastKnownFileType = text.plist.strings; name = en; path = en.lproj/InfoPlist.strings; sourceTree = "<group>"; };
		400B202B16BB53D4003A9B3E /* main.m */ = {isa = PBXFileReference; lastKnownFileType = sourcecode.c.objc; path = main.m; sourceTree = "<group>"; };
		400B202D16BB53D4003A9B3E /* Tickl.Me-Prefix.pch */ = {isa = PBXFileReference; lastKnownFileType = sourcecode.c.h; path = "Tickl.Me-Prefix.pch"; sourceTree = "<group>"; };
		400B202E16BB53D4003A9B3E /* AppDelegate.h */ = {isa = PBXFileReference; lastKnownFileType = sourcecode.c.h; path = AppDelegate.h; sourceTree = "<group>"; };
		400B202F16BB53D4003A9B3E /* AppDelegate.m */ = {isa = PBXFileReference; lastKnownFileType = sourcecode.c.objc; path = AppDelegate.m; sourceTree = "<group>"; };
		400B203116BB53D4003A9B3E /* Default.png */ = {isa = PBXFileReference; lastKnownFileType = image.png; path = Default.png; sourceTree = "<group>"; };
		400B203316BB53D4003A9B3E /* Default@2x.png */ = {isa = PBXFileReference; lastKnownFileType = image.png; path = "Default@2x.png"; sourceTree = "<group>"; };
		400B203516BB53D4003A9B3E /* Default-568h@2x.png */ = {isa = PBXFileReference; lastKnownFileType = image.png; path = "Default-568h@2x.png"; sourceTree = "<group>"; };
		400B203716BB53D4003A9B3E /* ViewController.h */ = {isa = PBXFileReference; lastKnownFileType = sourcecode.c.h; path = ViewController.h; sourceTree = "<group>"; };
		400B203816BB53D4003A9B3E /* ViewController.m */ = {isa = PBXFileReference; lastKnownFileType = sourcecode.c.objc; path = ViewController.m; sourceTree = "<group>"; };
		400B203B16BB53D4003A9B3E /* en */ = {isa = PBXFileReference; lastKnownFileType = file.xib; name = en; path = en.lproj/ViewController.xib; sourceTree = "<group>"; };
/* End PBXFileReference section */

/* Begin PBXFrameworksBuildPhase section */
		400B201816BB53D4003A9B3E /* Frameworks */ = {
			isa = PBXFrameworksBuildPhase;
			buildActionMask = 2147483647;
			files = (
				400B202016BB53D4003A9B3E /* UIKit.framework in Frameworks */,
				400B202216BB53D4003A9B3E /* Foundation.framework in Frameworks */,
				400B202416BB53D4003A9B3E /* CoreGraphics.framework in Frameworks */,
			);
			runOnlyForDeploymentPostprocessing = 0;
		};
/* End PBXFrameworksBuildPhase section */

/* Begin PBXGroup section */
		400B201016BB53D4003A9B3E = {
			isa = PBXGroup;
			children = (
				400B202516BB53D4003A9B3E /* Tickl.Me */,
				400B201E16BB53D4003A9B3E /* Frameworks */,
				400B201C16BB53D4003A9B3E /* Products */,
			);
			sourceTree = "<group>";
		};
		400B201C16BB53D4003A9B3E /* Products */ = {
			isa = PBXGroup;
			children = (
				400B201B16BB53D4003A9B3E /* Tickl.Me.app */,
			);
			name = Products;
			sourceTree = "<group>";
		};
		400B201E16BB53D4003A9B3E /* Frameworks */ = {
			isa = PBXGroup;
			children = (
				400B201F16BB53D4003A9B3E /* UIKit.framework */,
				400B202116BB53D4003A9B3E /* Foundation.framework */,
				400B202316BB53D4003A9B3E /* CoreGraphics.framework */,
			);
			name = Frameworks;
			sourceTree = "<group>";
		};
		400B202516BB53D4003A9B3E /* Tickl.Me */ = {
			isa = PBXGroup;
			children = (
				400B202E16BB53D4003A9B3E /* AppDelegate.h */,
				400B202F16BB53D4003A9B3E /* AppDelegate.m */,
				400B203716BB53D4003A9B3E /* ViewController.h */,
				400B203816BB53D4003A9B3E /* ViewController.m */,
				400B203A16BB53D4003A9B3E /* ViewController.xib */,
				400B202616BB53D4003A9B3E /* Supporting Files */,
			);
			path = Tickl.Me;
			sourceTree = "<group>";
		};
		400B202616BB53D4003A9B3E /* Supporting Files */ = {
			isa = PBXGroup;
			children = (
				400B202716BB53D4003A9B3E /* Tickl.Me-Info.plist */,
				400B202816BB53D4003A9B3E /* InfoPlist.strings */,
				400B202B16BB53D4003A9B3E /* main.m */,
				400B202D16BB53D4003A9B3E /* Tickl.Me-Prefix.pch */,
				400B203116BB53D4003A9B3E /* Default.png */,
				400B203316BB53D4003A9B3E /* Default@2x.png */,
				400B203516BB53D4003A9B3E /* Default-568h@2x.png */,
			);
			name = "Supporting Files";
			sourceTree = "<group>";
		};
/* End PBXGroup section */

/* Begin PBXNativeTarget section */
		400B201A16BB53D4003A9B3E /* Tickl.Me */ = {
			isa = PBXNativeTarget;
			buildConfigurationList = 400B203F16BB53D4003A9B3E /* Build configuration list for PBXNativeTarget "Tickl.Me" */;
			buildPhases = (
				400B201716BB53D4003A9B3E /* Sources */,
				400B201816BB53D4003A9B3E /* Frameworks */,
				400B201916BB53D4003A9B3E /* Resources */,
			);
			buildRules = (
			);
			dependencies = (
			);
			name = Tickl.Me;
			productName = Tickl.Me;
			productReference = 400B201B16BB53D4003A9B3E /* Tickl.Me.app */;
			productType = "com.apple.product-type.application";
		};
/* End PBXNativeTarget section */

/* Begin PBXProject section */
		400B201216BB53D4003A9B3E /* Project object */ = {
			isa = PBXProject;
			attributes = {
				LastUpgradeCheck = 0450;
				ORGANIZATIONNAME = HongYing;
			};
			buildConfigurationList = 400B201516BB53D4003A9B3E /* Build configuration list for PBXProject "Tickl.Me" */;
			compatibilityVersion = "Xcode 3.2";
			developmentRegion = English;
			hasScannedForEncodings = 0;
			knownRegions = (
				en,
			);
			mainGroup = 400B201016BB53D4003A9B3E;
			productRefGroup = 400B201C16BB53D4003A9B3E /* Products */;
			projectDirPath = "";
			projectRoot = "";
			targets = (
				400B201A16BB53D4003A9B3E /* Tickl.Me */,
			);
		};
/* End PBXProject section */

/* Begin PBXResourcesBuildPhase section */
		400B201916BB53D4003A9B3E /* Resources */ = {
			isa = PBXResourcesBuildPhase;
			buildActionMask = 2147483647;
			files = (
				400B202A16BB53D4003A9B3E /* InfoPlist.strings in Resources */,
				400B203216BB53D4003A9B3E /* Default.png in Resources */,
				400B203416BB53D4003A9B3E /* Default@2x.png in Resources */,
				400B203616BB53D4003A9B3E /* Default-568h@2x.png in Resources */,
				400B203C16BB53D4003A9B3E /* ViewController.xib in Resources */,
			);
			runOnlyForDeploymentPostprocessing = 0;
		};
/* End PBXResourcesBuildPhase section */

/* Begin PBXSourcesBuildPhase section */
		400B201716BB53D4003A9B3E /* Sources */ = {
			isa = PBXSourcesBuildPhase;
			buildActionMask = 2147483647;
			files = (
				400B202C16BB53D4003A9B3E /* main.m in Sources */,
				400B203016BB53D4003A9B3E /* AppDelegate.m in Sources */,
				400B203916BB53D4003A9B3E /* ViewController.m in Sources */,
			);
			runOnlyForDeploymentPostprocessing = 0;
		};
/* End PBXSourcesBuildPhase section */

/* Begin PBXVariantGroup section */
		400B202816BB53D4003A9B3E /* InfoPlist.strings */ = {
			isa = PBXVariantGroup;
			children = (
				400B202916BB53D4003A9B3E /* en */,
			);
			name = InfoPlist.strings;
			sourceTree = "<group>";
		};
		400B203A16BB53D4003A9B3E /* ViewController.xib */ = {
			isa = PBXVariantGroup;
			children = (
				400B203B16BB53D4003A9B3E /* en */,
			);
			name = ViewController.xib;
			sourceTree = "<group>";
		};
/* End PBXVariantGroup section */

/* Begin XCBuildConfiguration section */
		400B203D16BB53D4003A9B3E /* Debug */ = {
			isa = XCBuildConfiguration;
			buildSettings = {
				ALWAYS_SEARCH_USER_PATHS = NO;
				CLANG_CXX_LANGUAGE_STANDARD = "gnu++0x";
				CLANG_CXX_LIBRARY = "libc++";
				CLANG_WARN_EMPTY_BODY = YES;
				CLANG_WARN__DUPLICATE_METHOD_MATCH = YES;
				"CODE_SIGN_IDENTITY[sdk=iphoneos*]" = "iPhone Developer";
				COPY_PHASE_STRIP = NO;
				GCC_C_LANGUAGE_STANDARD = gnu99;
				GCC_DYNAMIC_NO_PIC = NO;
				GCC_OPTIMIZATION_LEVEL = 0;
				GCC_PREPROCESSOR_DEFINITIONS = (
					"DEBUG=1",
					"$(inherited)",
				);
				GCC_SYMBOLS_PRIVATE_EXTERN = NO;
				GCC_WARN_ABOUT_RETURN_TYPE = YES;
				GCC_WARN_UNINITIALIZED_AUTOS = YES;
				GCC_WARN_UNUSED_VARIABLE = YES;
				IPHONEOS_DEPLOYMENT_TARGET = 6.0;
				ONLY_ACTIVE_ARCH = YES;
				SDKROOT = iphoneos;
			};
			name = Debug;
		};
		400B203E16BB53D4003A9B3E /* Release */ = {
			isa = XCBuildConfiguration;
			buildSettings = {
				ALWAYS_SEARCH_USER_PATHS = NO;
				CLANG_CXX_LANGUAGE_STANDARD = "gnu++0x";
				CLANG_CXX_LIBRARY = "libc++";
				CLANG_WARN_EMPTY_BODY = YES;
				CLANG_WARN__DUPLICATE_METHOD_MATCH = YES;
				"CODE_SIGN_IDENTITY[sdk=iphoneos*]" = "iPhone Developer";
				COPY_PHASE_STRIP = YES;
				GCC_C_LANGUAGE_STANDARD = gnu99;
				GCC_WARN_ABOUT_RETURN_TYPE = YES;
				GCC_WARN_UNINITIALIZED_AUTOS = YES;
				GCC_WARN_UNUSED_VARIABLE = YES;
				IPHONEOS_DEPLOYMENT_TARGET = 6.0;
				OTHER_CFLAGS = "-DNS_BLOCK_ASSERTIONS=1";
				SDKROOT = iphoneos;
				VALIDATE_PRODUCT = YES;
			};
			name = Release;
		};
		400B204016BB53D4003A9B3E /* Debug */ = {
			isa = XCBuildConfiguration;
			buildSettings = {
				GCC_PRECOMPILE_PREFIX_HEADER = YES;
				GCC_PREFIX_HEADER = "Tickl.Me/Tickl.Me-Prefix.pch";
				INFOPLIST_FILE = "Tickl.Me/Tickl.Me-Info.plist";
				PRODUCT_NAME = "$(TARGET_NAME)";
				WRAPPER_EXTENSION = app;
			};
			name = Debug;
		};
		400B204116BB53D4003A9B3E /* Release */ = {
			isa = XCBuildConfiguration;
			buildSettings = {
				GCC_PRECOMPILE_PREFIX_HEADER = YES;
				GCC_PREFIX_HEADER = "Tickl.Me/Tickl.Me-Prefix.pch";
				INFOPLIST_FILE = "Tickl.Me/Tickl.Me-Info.plist";
				PRODUCT_NAME = "$(TARGET_NAME)";
				WRAPPER_EXTENSION = app;
			};
			name = Release;
		};
/* End XCBuildConfiguration section */

/* Begin XCConfigurationList section */
		400B201516BB53D4003A9B3E /* Build configuration list for PBXProject "Tickl.Me" */ = {
			isa = XCConfigurationList;
			buildConfigurations = (
				400B203D16BB53D4003A9B3E /* Debug */,
				400B203E16BB53D4003A9B3E /* Release */,
			);
			defaultConfigurationIsVisible = 0;
			defaultConfigurationName = Release;
		};
		400B203F16BB53D4003A9B3E /* Build configuration list for PBXNativeTarget "Tickl.Me" */ = {
			isa = XCConfigurationList;
			buildConfigurations = (
				400B204016BB53D4003A9B3E /* Debug */,
				400B204116BB53D4003A9B3E /* Release */,
			);
			defaultConfigurationIsVisible = 0;
		};
/* End XCConfigurationList section */
	};
	rootObject = 400B201216BB53D4003A9B3E /* Project object */;
}
